
Microsoft Visual Studio Solution File, Format Version 12.00
# Visual Studio Version 16
VisualStudioVersion = 16.0.30611.23
MinimumVisualStudioVersion = 10.0.40219.1
Project("{8BC9CEB8-8B4A-11D0-8D11-00A0C91BC942}") = "ESP32_CANBUS_Capture", "ESP32_CANBUS_Capture\ESP32_CANBUS_Capture.vcxproj", "{C5F80730-F44F-4478-BDAE-6634EFC2CA88}"
EndProject
Project("{8BC9CEB8-8B4A-11D0-8D11-00A0C91BC942}") = "esp32_can-master-0.2.5", "ESP32_CANBUS_Capture\Libraries\esp32_can-master\0.2.5\esp32_can-master\esp32_can-master-0.2.5.vcxitems", "{E56FD047-B55E-484D-96F1-5DA267024B91}"
EndProject
Global
	GlobalSection(SharedMSBuildProjectFiles) = preSolution
		ESP32_CANBUS_Capture\Libraries\esp32_can-master\0.2.5\esp32_can-master\esp32_can-master-0.2.5.vcxitems*{c5f80730-f44f-4478-bdae-6634efc2ca88}*SharedItemsImports = 4
		ESP32_CANBUS_Capture\Libraries\esp32_can-master\0.2.5\esp32_can-master\esp32_can-master-0.2.5.vcxitems*{e56fd047-b55e-484d-96f1-5da267024b91}*SharedItemsImports = 9
	EndGlobalSection
	GlobalSection(SolutionConfigurationPlatforms) = preSolution
		Debug|x86 = Debug|x86
		Release|x86 = Release|x86
	EndGlobalSection
	GlobalSection(ProjectConfigurationPlatforms) = postSolution
		{C5F80730-F44F-4478-BDAE-6634EFC2CA88}.Debug|x86.ActiveCfg = Debug|Win32
		{C5F80730-F44F-4478-BDAE-6634EFC2CA88}.Debug|x86.Build.0 = Debug|Win32
		{C5F80730-F44F-4478-BDAE-6634EFC2CA88}.Release|x86.ActiveCfg = Release|Win32
		{C5F80730-F44F-4478-BDAE-6634EFC2CA88}.Release|x86.Build.0 = Release|Win32
	EndGlobalSection
	GlobalSection(SolutionProperties) = preSolution
		HideSolutionNode = FALSE
	EndGlobalSection
	GlobalSection(ExtensibilityGlobals) = postSolution
		SolutionGuid = {F531F2C8-35AB-4838-99BA-360E7F88C7C9}
	EndGlobalSection
EndGlobal
